
Microsoft Visual Studio Solution File, Format Version 12.00
# Visual Studio 2013
VisualStudioVersion = 12.0.30723.0
MinimumVisualStudioVersion = 10.0.40219.1
Project("{E24C65DC-7377-472B-9ABA-BC803B73C61A}") = "CollectionHubWeb", "http://localhost:60954", "{4D846A8D-5E92-4E33-8FAA-3DFDF3985766}"
	ProjectSection(WebsiteProperties) = preProject
		UseIISExpress = "true"
		TargetFrameworkMoniker = ".NETFramework,Version%3Dv4.0"
		ProjectReferences = "{9ae08894-a39e-4369-8266-ada5bb403bb2}|CollectionHubData.dll;"
		Debug.AspNetCompiler.VirtualPath = "/localhost_60954"
		Debug.AspNetCompiler.PhysicalPath = "CollectionHubWeb\"
		Debug.AspNetCompiler.TargetPath = "PrecompiledWeb\localhost_60954\"
		Debug.AspNetCompiler.Updateable = "true"
		Debug.AspNetCompiler.ForceOverwrite = "true"
		Debug.AspNetCompiler.FixedNames = "false"
		Debug.AspNetCompiler.Debug = "True"
		Release.AspNetCompiler.VirtualPath = "/localhost_60954"
		Release.AspNetCompiler.PhysicalPath = "CollectionHubWeb\"
		Release.AspNetCompiler.TargetPath = "PrecompiledWeb\localhost_60954\"
		Release.AspNetCompiler.Updateable = "true"
		Release.AspNetCompiler.ForceOverwrite = "true"
		Release.AspNetCompiler.FixedNames = "false"
		Release.AspNetCompiler.Debug = "False"
		SlnRelativePath = "CollectionHubWeb\"
	EndProjectSection
EndProject
Project("{FAE04EC0-301F-11D3-BF4B-00C04F79EFBC}") = "CollectionHubData", "CollectionHubData\CollectionHubData.csproj", "{9AE08894-A39E-4369-8266-ADA5BB403BB2}"
EndProject
Global
	GlobalSection(SolutionConfigurationPlatforms) = preSolution
		Debug|Any CPU = Debug|Any CPU
		Release|Any CPU = Release|Any CPU
	EndGlobalSection
	GlobalSection(ProjectConfigurationPlatforms) = postSolution
		{4D846A8D-5E92-4E33-8FAA-3DFDF3985766}.Debug|Any CPU.ActiveCfg = Debug|Any CPU
		{4D846A8D-5E92-4E33-8FAA-3DFDF3985766}.Debug|Any CPU.Build.0 = Debug|Any CPU
		{4D846A8D-5E92-4E33-8FAA-3DFDF3985766}.Release|Any CPU.ActiveCfg = Debug|Any CPU
		{4D846A8D-5E92-4E33-8FAA-3DFDF3985766}.Release|Any CPU.Build.0 = Debug|Any CPU
		{9AE08894-A39E-4369-8266-ADA5BB403BB2}.Debug|Any CPU.ActiveCfg = Debug|Any CPU
		{9AE08894-A39E-4369-8266-ADA5BB403BB2}.Debug|Any CPU.Build.0 = Debug|Any CPU
		{9AE08894-A39E-4369-8266-ADA5BB403BB2}.Release|Any CPU.ActiveCfg = Release|Any CPU
		{9AE08894-A39E-4369-8266-ADA5BB403BB2}.Release|Any CPU.Build.0 = Release|Any CPU
	EndGlobalSection
	GlobalSection(SolutionProperties) = preSolution
		HideSolutionNode = FALSE
	EndGlobalSection
EndGlobal
